{
  "name": "foam-frontend",
  "version": "0.1.0",
  "lockfileVersion": 1,
  "requires": true,
  "dependencies": {
    "quickselect": {
      "version": "1.0.0",
      "resolved": "https://registry.npmjs.org/quickselect/-/quickselect-1.0.0.tgz",
      "integrity": "sha1-AmMIGPmq5OyrJvAQP5jQYcF8WPM="
    },
    "rbush": {
      "version": "2.0.1",
      "resolved": "https://registry.npmjs.org/rbush/-/rbush-2.0.1.tgz",
      "integrity": "sha1-TPrKKMMGS8DudUMaG3mZDode76k=",
      "requires": {
        "quickselect": "1.0.0"
      }
    }
  }
}
